# THIS IS AN AUTOGENERATED FILE. DO NOT EDIT THIS FILE DIRECTLY.
# yarn lockfile v1


"@isaacs/balanced-match@^4.0.1":
  version "4.0.1"
  resolved "https://registry.yarnpkg.com/@isaacs/balanced-match/-/balanced-match-4.0.1.tgz#3081dadbc3460661b751e7591d7faea5df39dd29"
  integrity sha512-yzMTt9lEb8Gv7zRioUilSglI0c0smZ9k5D65677DLWLtWJaXIS3CqcGyUFByYKlnUj6TkjLVs54fBl6+TiGQDQ==

"@isaacs/brace-expansion@^5.0.0":
  version "5.0.0"
  resolved "https://registry.yarnpkg.com/@isaacs/brace-expansion/-/brace-expansion-5.0.0.tgz#4b3dabab7d8e75a429414a96bd67bf4c1d13e0f3"
  integrity sha512-ZT55BDLV0yv0RBm2czMiZ+SqCGO7AvmOM3G/w2xhVPH+te0aKgFjmBvGlL1dH+ql2tgGO3MVrbb3jCKyvpgnxA==
  dependencies:
    "@isaacs/balanced-match" "^4.0.1"

"@nomicfoundation/hardhat-chai-matchers@^2.0.9":
  version "2.0.9"
  resolved "https://registry.yarnpkg.com/@nomicfoundation/hardhat-chai-matchers/-/hardhat-chai-matchers-2.0.9.tgz#dfc0ec3aa0d085e55c20322696211fbb0620124f"
  integrity sha512-AbCoBuTKMlwlf1lesSmi/4VvJHNG9EP13EmkCJ+MJS1SBdtVtU4YrBbdYmnYPEvRFcAIMFB/cwcQGmuBYeCoVg==
  dependencies:
    "@types/chai-as-promised" "^7.1.3"
    chai-as-promised "^7.1.1"
    deep-eql "^4.0.1"
    ordinal "^1.0.3"

"@types/chai-as-promised@^7.1.3":
  version "7.1.8"
  resolved "https://registry.yarnpkg.com/@types/chai-as-promised/-/chai-as-promised-7.1.8.tgz#f2b3d82d53c59626b5d6bbc087667ccb4b677fe9"
  integrity sha512-ThlRVIJhr69FLlh6IctTXFkmhtP3NpMZ2QGq69StYLyKZFp/HOp1VdKZj7RvfNWYYcJ1xlbLGLLWj1UvP5u/Gw==
  dependencies:
    "@types/chai" "*"

"@types/chai@*":
  version "5.2.2"
  resolved "https://registry.yarnpkg.com/@types/chai/-/chai-5.2.2.tgz#6f14cea18180ffc4416bc0fd12be05fdd73bdd6b"
  integrity sha512-8kB30R7Hwqf40JPiKhVzodJs2Qc1ZJ5zuT3uzw5Hq/dhNCl3G3l83jfpdI1e20BP348+fV7VIL/+FxaXkqBmWg==
  dependencies:
    "@types/deep-eql" "*"

"@types/deep-eql@*":
  version "4.0.2"
  resolved "https://registry.yarnpkg.com/@types/deep-eql/-/deep-eql-4.0.2.tgz#334311971d3a07121e7eb91b684a605e7eea9cbd"
  integrity sha512-c9h9dVVMigMPc4bwTvC5dxqtqJZwQPePsWjPlpSOnojbor6pGqdk541lfA7AqFQr5pB1BRdq0juY9db81BwyFw==

"@types/minimatch@^6.0.0":
  version "6.0.0"
  resolved "https://registry.yarnpkg.com/@types/minimatch/-/minimatch-6.0.0.tgz#4d207b1cc941367bdcd195a3a781a7e4fc3b1e03"
  integrity sha512-zmPitbQ8+6zNutpwgcQuLcsEpn/Cj54Kbn7L5pX0Os5kdWplB7xPgEh/g+SWOB/qmows2gpuCaPyduq8ZZRnxA==
  dependencies:
    minimatch "*"

chai-as-promised@^7.1.1:
  version "7.1.2"
  resolved "https://registry.yarnpkg.com/chai-as-promised/-/chai-as-promised-7.1.2.tgz#70cd73b74afd519754161386421fb71832c6d041"
  integrity sha512-aBDHZxRzYnUYuIAIPBH2s511DjlKPzXNlXSGFC8CwmroWQLfrW0LtE1nK3MAwwNhJPa9raEjNCmRoFpG0Hurdw==
  dependencies:
    check-error "^1.0.2"

check-error@^1.0.2:
  version "1.0.3"
  resolved "https://registry.yarnpkg.com/check-error/-/check-error-1.0.3.tgz#a6502e4312a7ee969f646e83bb3ddd56281bd694"
  integrity sha512-iKEoDYaRmd1mxM90a2OEfWhjsjPpYPuQ+lMYsoxB126+t8fw7ySEO48nmDg5COTjxDI65/Y2OWpeEHk3ZOe8zg==
  dependencies:
    get-func-name "^2.0.2"

deep-eql@^4.0.1:
  version "4.1.4"
  resolved "https://registry.yarnpkg.com/deep-eql/-/deep-eql-4.1.4.tgz#d0d3912865911bb8fac5afb4e3acfa6a28dc72b7"
  integrity sha512-SUwdGfqdKOwxCPeVYjwSyRpJ7Z+fhpwIAtmCUdZIWZ/YP5R9WAsyuSgpLVDi9bjWoN2LXHNss/dk3urXtdQxGg==
  dependencies:
    type-detect "^4.0.0"

get-func-name@^2.0.2:
  version "2.0.2"
  resolved "https://registry.yarnpkg.com/get-func-name/-/get-func-name-2.0.2.tgz#0d7cf20cd13fda808669ffa88f4ffc7a3943fc41"
  integrity sha512-8vXOvuE167CtIc3OyItco7N/dpRtBbYOsPsXCz7X/PMnlGjYjSGuZJgM1Y7mmew7BKf9BqvLX2tnOVy1BBUsxQ==

minimatch@*:
  version "10.0.3"
  resolved "https://registry.yarnpkg.com/minimatch/-/minimatch-10.0.3.tgz#cf7a0314a16c4d9ab73a7730a0e8e3c3502d47aa"
  integrity sha512-IPZ167aShDZZUMdRk66cyQAW3qr0WzbHkPdMYa8bzZhlHhO3jALbKdxcaak7W9FfT2rZNpQuUu4Od7ILEpXSaw==
  dependencies:
    "@isaacs/brace-expansion" "^5.0.0"

ordinal@^1.0.3:
  version "1.0.3"
  resolved "https://registry.yarnpkg.com/ordinal/-/ordinal-1.0.3.tgz#1a3c7726a61728112f50944ad7c35c06ae3a0d4d"
  integrity sha512-cMddMgb2QElm8G7vdaa02jhUNbTSrhsgAGUz1OokD83uJTwSUn+nKoNoKVVaRa08yF6sgfO7Maou1+bgLd9rdQ==

type-detect@^4.0.0:
  version "4.1.0"
  resolved "https://registry.yarnpkg.com/type-detect/-/type-detect-4.1.0.tgz#deb2453e8f08dcae7ae98c626b13dddb0155906c"
  integrity sha512-Acylog8/luQ8L7il+geoSxhEkazvkslg7PSNKOX59mbB9cOveP5aq9h74Y7YU8yDpJwetzQQrfIwtf4Wp4LKcw==
